
Microsoft Visual Studio Solution File, Format Version 12.00
# Visual Studio 15
Project("{FAE04EC0-301F-11D3-BF4B-00C04F79EFBC}") = "VuforiaScripts", "VuforiaScripts.csproj", "{5386BD98-8EB4-C09A-3A91-CD167A0DCEA9}"
EndProject
Project("{FAE04EC0-301F-11D3-BF4B-00C04F79EFBC}") = "Assembly-CSharp", "Assembly-CSharp.csproj", "{611C9165-1473-0C34-874B-B5F4E3E7AFDC}"
EndProject
Project("{FAE04EC0-301F-11D3-BF4B-00C04F79EFBC}") = "VuforiaEditorScripts", "VuforiaEditorScripts.csproj", "{BEE55762-A673-6F5B-4D64-C0B21C1F34E8}"
EndProject
Global
	GlobalSection(SolutionConfigurationPlatforms) = preSolution
		Debug|Any CPU = Debug|Any CPU
		Release|Any CPU = Release|Any CPU
	EndGlobalSection
	GlobalSection(ProjectConfigurationPlatforms) = postSolution
		{5386BD98-8EB4-C09A-3A91-CD167A0DCEA9}.Debug|Any CPU.ActiveCfg = Debug|Any CPU
		{5386BD98-8EB4-C09A-3A91-CD167A0DCEA9}.Debug|Any CPU.Build.0 = Debug|Any CPU
		{5386BD98-8EB4-C09A-3A91-CD167A0DCEA9}.Release|Any CPU.ActiveCfg = Release|Any CPU
		{5386BD98-8EB4-C09A-3A91-CD167A0DCEA9}.Release|Any CPU.Build.0 = Release|Any CPU
		{611C9165-1473-0C34-874B-B5F4E3E7AFDC}.Debug|Any CPU.ActiveCfg = Debug|Any CPU
		{611C9165-1473-0C34-874B-B5F4E3E7AFDC}.Debug|Any CPU.Build.0 = Debug|Any CPU
		{611C9165-1473-0C34-874B-B5F4E3E7AFDC}.Release|Any CPU.ActiveCfg = Release|Any CPU
		{611C9165-1473-0C34-874B-B5F4E3E7AFDC}.Release|Any CPU.Build.0 = Release|Any CPU
		{BEE55762-A673-6F5B-4D64-C0B21C1F34E8}.Debug|Any CPU.ActiveCfg = Debug|Any CPU
		{BEE55762-A673-6F5B-4D64-C0B21C1F34E8}.Debug|Any CPU.Build.0 = Debug|Any CPU
		{BEE55762-A673-6F5B-4D64-C0B21C1F34E8}.Release|Any CPU.ActiveCfg = Release|Any CPU
		{BEE55762-A673-6F5B-4D64-C0B21C1F34E8}.Release|Any CPU.Build.0 = Release|Any CPU
	EndGlobalSection
	GlobalSection(SolutionProperties) = preSolution
		HideSolutionNode = FALSE
	EndGlobalSection
EndGlobal
